<?xml version="1.0" encoding="UTF-8" standalone="yes" ?>
<CodeBlocks_project_file>
	<FileVersion major="1" minor="6" />
	<Project>
		<Option title="ECHMQV_Arazi_BPV" />
		<Option pch_mode="2" />
		<Option compiler="gcc" />
		<Build>
			<Target title="Debug">
				<Option output="bin/Debug/ECHMQV_Arazi_BPV" prefix_auto="1" extension_auto="1" />
				<Option object_output="obj/Debug/" />
				<Option type="1" />
				<Option compiler="gcc" />
				<Compiler>
					<Add option="-g" />
				</Compiler>
			</Target>
			<Target title="Release">
				<Option output="bin/Release/ECHMQV_Arazi_BPV" prefix_auto="1" extension_auto="1" />
				<Option object_output="obj/Release/" />
				<Option type="1" />
				<Option compiler="gcc" />
				<Compiler>
					<Add option="-O2" />
				</Compiler>
				<Linker>
					<Add option="-s" />
				</Linker>
			</Target>
		</Build>
		<Compiler>
			<Add option="-Wall" />
		</Compiler>
		<Unit filename="../Arazi_BPV/BPV.c">
			<Option compilerVar="CC" />
		</Unit>
		<Unit filename="../Arazi_BPV/BPV.h" />
		<Unit filename="../Arazi_BPV/curve-specific.inc" />
		<Unit filename="../Arazi_BPV/platform-specific.inc" />
		<Unit filename="../Arazi_BPV/sha256.c">
			<Option compilerVar="CC" />
		</Unit>
		<Unit filename="../Arazi_BPV/sha256.h" />
		<Unit filename="../Arazi_BPV/types.h" />
		<Unit filename="../Arazi_BPV/uECC.c">
			<Option compilerVar="CC" />
		</Unit>
		<Unit filename="../Arazi_BPV/uECC.h" />
		<Unit filename="../Arazi_BPV/uECC_vli.h" />
		<Unit filename="main.c">
			<Option compilerVar="CC" />
		</Unit>
		<Extensions>
			<code_completion />
			<debugger />
		</Extensions>
	</Project>
</CodeBlocks_project_file>
